
Microsoft Visual Studio Solution File, Format Version 12.00
# Visual Studio 14
VisualStudioVersion = 14.0.25420.1
MinimumVisualStudioVersion = 10.0.40219.1
Project("{FAE04EC0-301F-11D3-BF4B-00C04F79EFBC}") = "Generics", "Generics\Generics.csproj", "{0FB22DB2-6E8C-4111-B4B5-BFEF89FC7579}"
EndProject
Project("{FAE04EC0-301F-11D3-BF4B-00C04F79EFBC}") = "Generics.Tests", "Generics.Tests\Generics.Tests.csproj", "{405F957C-E63E-46DC-B98F-EC4BBAFBEFF3}"
EndProject
Global
	GlobalSection(SolutionConfigurationPlatforms) = preSolution
		Debug|Any CPU = Debug|Any CPU
		Release|Any CPU = Release|Any CPU
	EndGlobalSection
	GlobalSection(ProjectConfigurationPlatforms) = postSolution
		{0FB22DB2-6E8C-4111-B4B5-BFEF89FC7579}.Debug|Any CPU.ActiveCfg = Debug|Any CPU
		{0FB22DB2-6E8C-4111-B4B5-BFEF89FC7579}.Debug|Any CPU.Build.0 = Debug|Any CPU
		{0FB22DB2-6E8C-4111-B4B5-BFEF89FC7579}.Release|Any CPU.ActiveCfg = Release|Any CPU
		{0FB22DB2-6E8C-4111-B4B5-BFEF89FC7579}.Release|Any CPU.Build.0 = Release|Any CPU
		{405F957C-E63E-46DC-B98F-EC4BBAFBEFF3}.Debug|Any CPU.ActiveCfg = Debug|Any CPU
		{405F957C-E63E-46DC-B98F-EC4BBAFBEFF3}.Debug|Any CPU.Build.0 = Debug|Any CPU
		{405F957C-E63E-46DC-B98F-EC4BBAFBEFF3}.Release|Any CPU.ActiveCfg = Release|Any CPU
		{405F957C-E63E-46DC-B98F-EC4BBAFBEFF3}.Release|Any CPU.Build.0 = Release|Any CPU
	EndGlobalSection
	GlobalSection(SolutionProperties) = preSolution
		HideSolutionNode = FALSE
	EndGlobalSection
EndGlobal
